// !$*UTF8*$!
{
	archiveVersion = 1;
	classes = {
	};
	objectVersion = 56;
	objects = {

/* Begin PBXBuildFile section */
		5F0153132943411F00E9531A /* AppDelegate.swift in Sources */ = {isa = PBXBuildFile; fileRef = 5F0153122943411F00E9531A /* AppDelegate.swift */; };
		5F0153152943411F00E9531A /* SceneDelegate.swift in Sources */ = {isa = PBXBuildFile; fileRef = 5F0153142943411F00E9531A /* SceneDelegate.swift */; };
		5F0153172943411F00E9531A /* ViewController.swift in Sources */ = {isa = PBXBuildFile; fileRef = 5F0153162943411F00E9531A /* ViewController.swift */; };
		5F01531A2943411F00E9531A /* Main.storyboard in Resources */ = {isa = PBXBuildFile; fileRef = 5F0153182943411F00E9531A /* Main.storyboard */; };
		5F01531C2943412000E9531A /* Assets.xcassets in Resources */ = {isa = PBXBuildFile; fileRef = 5F01531B2943412000E9531A /* Assets.xcassets */; };
		5F01531F2943412000E9531A /* LaunchScreen.storyboard in Resources */ = {isa = PBXBuildFile; fileRef = 5F01531D2943412000E9531A /* LaunchScreen.storyboard */; };
		5F015328294349F400E9531A /* SpringAnimation in Frameworks */ = {isa = PBXBuildFile; productRef = 5F015327294349F400E9531A /* SpringAnimation */; };
		5FE55C322946E3F600496519 /* Model.swift in Sources */ = {isa = PBXBuildFile; fileRef = 5FE55C312946E3F600496519 /* Model.swift */; };
/* End PBXBuildFile section */

/* Begin PBXFileReference section */
		5F01530F2943411F00E9531A /* SpringAnimation_HW.app */ = {isa = PBXFileReference; explicitFileType = wrapper.application; includeInIndex = 0; path = SpringAnimation_HW.app; sourceTree = BUILT_PRODUCTS_DIR; };
		5F0153122943411F00E9531A /* AppDelegate.swift */ = {isa = PBXFileReference; lastKnownFileType = sourcecode.swift; path = AppDelegate.swift; sourceTree = "<group>"; };
		5F0153142943411F00E9531A /* SceneDelegate.swift */ = {isa = PBXFileReference; lastKnownFileType = sourcecode.swift; path = SceneDelegate.swift; sourceTree = "<group>"; };
		5F0153162943411F00E9531A /* ViewController.swift */ = {isa = PBXFileReference; lastKnownFileType = sourcecode.swift; path = ViewController.swift; sourceTree = "<group>"; };
		5F0153192943411F00E9531A /* Base */ = {isa = PBXFileReference; lastKnownFileType = file.storyboard; name = Base; path = Base.lproj/Main.storyboard; sourceTree = "<group>"; };
		5F01531B2943412000E9531A /* Assets.xcassets */ = {isa = PBXFileReference; lastKnownFileType = folder.assetcatalog; path = Assets.xcassets; sourceTree = "<group>"; };
		5F01531E2943412000E9531A /* Base */ = {isa = PBXFileReference; lastKnownFileType = file.storyboard; name = Base; path = Base.lproj/LaunchScreen.storyboard; sourceTree = "<group>"; };
		5F0153202943412000E9531A /* Info.plist */ = {isa = PBXFileReference; lastKnownFileType = text.plist.xml; path = Info.plist; sourceTree = "<group>"; };
		5FE55C312946E3F600496519 /* Model.swift */ = {isa = PBXFileReference; lastKnownFileType = sourcecode.swift; path = Model.swift; sourceTree = "<group>"; };
/* End PBXFileReference section */

/* Begin PBXFrameworksBuildPhase section */
		5F01530C2943411F00E9531A /* Frameworks */ = {
			isa = PBXFrameworksBuildPhase;
			buildActionMask = 2147483647;
			files = (
				5F015328294349F400E9531A /* SpringAnimation in Frameworks */,
			);
			runOnlyForDeploymentPostprocessing = 0;
		};
/* End PBXFrameworksBuildPhase section */

/* Begin PBXGroup section */
		5F0153062943411F00E9531A = {
			isa = PBXGroup;
			children = (
				5F0153112943411F00E9531A /* SpringAnimation_HW */,
				5F0153102943411F00E9531A /* Products */,
			);
			sourceTree = "<group>";
		};
		5F0153102943411F00E9531A /* Products */ = {
			isa = PBXGroup;
			children = (
				5F01530F2943411F00E9531A /* SpringAnimation_HW.app */,
			);
			name = Products;
			sourceTree = "<group>";
		};
		5F0153112943411F00E9531A /* SpringAnimation_HW */ = {
			isa = PBXGroup;
			children = (
				5FE55C302946E3E000496519 /* Model */,
				5FE55C2C2946E38500496519 /* App */,
				5FE55C2E2946E39E00496519 /* ViewControllers */,
				5FE55C2F2946E3AB00496519 /* StoryBoards */,
				5FE55C2D2946E39200496519 /* Resources */,
			);
			path = SpringAnimation_HW;
			sourceTree = "<group>";
		};
		5FE55C2C2946E38500496519 /* App */ = {
			isa = PBXGroup;
			children = (
				5F0153122943411F00E9531A /* AppDelegate.swift */,
				5F0153142943411F00E9531A /* SceneDelegate.swift */,
				5F0153202943412000E9531A /* Info.plist */,
			);
			path = App;
			sourceTree = "<group>";
		};
		5FE55C2D2946E39200496519 /* Resources */ = {
			isa = PBXGroup;
			children = (
				5F01531B2943412000E9531A /* Assets.xcassets */,
			);
			path = Resources;
			sourceTree = "<group>";
		};
		5FE55C2E2946E39E00496519 /* ViewControllers */ = {
			isa = PBXGroup;
			children = (
				5F0153162943411F00E9531A /* ViewController.swift */,
			);
			path = ViewControllers;
			sourceTree = "<group>";
		};
		5FE55C2F2946E3AB00496519 /* StoryBoards */ = {
			isa = PBXGroup;
			children = (
				5F0153182943411F00E9531A /* Main.storyboard */,
				5F01531D2943412000E9531A /* LaunchScreen.storyboard */,
			);
			path = StoryBoards;
			sourceTree = "<group>";
		};
		5FE55C302946E3E000496519 /* Model */ = {
			isa = PBXGroup;
			children = (
				5FE55C312946E3F600496519 /* Model.swift */,
			);
			path = Model;
			sourceTree = "<group>";
		};
/* End PBXGroup section */

/* Begin PBXNativeTarget section */
		5F01530E2943411F00E9531A /* SpringAnimation_HW */ = {
			isa = PBXNativeTarget;
			buildConfigurationList = 5F0153232943412000E9531A /* Build configuration list for PBXNativeTarget "SpringAnimation_HW" */;
			buildPhases = (
				5F01530B2943411F00E9531A /* Sources */,
				5F01530C2943411F00E9531A /* Frameworks */,
				5F01530D2943411F00E9531A /* Resources */,
			);
			buildRules = (
			);
			dependencies = (
			);
			name = SpringAnimation_HW;
			packageProductDependencies = (
				5F015327294349F400E9531A /* SpringAnimation */,
			);
			productName = SpringAnimation_HW;
			productReference = 5F01530F2943411F00E9531A /* SpringAnimation_HW.app */;
			productType = "com.apple.product-type.application";
		};
/* End PBXNativeTarget section */

/* Begin PBXProject section */
		5F0153072943411F00E9531A /* Project object */ = {
			isa = PBXProject;
			attributes = {
				BuildIndependentTargetsInParallel = 1;
				LastSwiftUpdateCheck = 1410;
				LastUpgradeCheck = 1410;
				TargetAttributes = {
					5F01530E2943411F00E9531A = {
						CreatedOnToolsVersion = 14.1;
					};
				};
			};
			buildConfigurationList = 5F01530A2943411F00E9531A /* Build configuration list for PBXProject "SpringAnimation_HW" */;
			compatibilityVersion = "Xcode 14.0";
			developmentRegion = en;
			hasScannedForEncodings = 0;
			knownRegions = (
				en,
				Base,
			);
			mainGroup = 5F0153062943411F00E9531A;
			packageReferences = (
				5F015326294349F400E9531A /* XCRemoteSwiftPackageReference "SpringAnimation" */,
			);
			productRefGroup = 5F0153102943411F00E9531A /* Products */;
			projectDirPath = "";
			projectRoot = "";
			targets = (
				5F01530E2943411F00E9531A /* SpringAnimation_HW */,
			);
		};
/* End PBXProject section */

/* Begin PBXResourcesBuildPhase section */
		5F01530D2943411F00E9531A /* Resources */ = {
			isa = PBXResourcesBuildPhase;
			buildActionMask = 2147483647;
			files = (
				5F01531F2943412000E9531A /* LaunchScreen.storyboard in Resources */,
				5F01531C2943412000E9531A /* Assets.xcassets in Resources */,
				5F01531A2943411F00E9531A /* Main.storyboard in Resources */,
			);
			runOnlyForDeploymentPostprocessing = 0;
		};
/* End PBXResourcesBuildPhase section */

/* Begin PBXSourcesBuildPhase section */
		5F01530B2943411F00E9531A /* Sources */ = {
			isa = PBXSourcesBuildPhase;
			buildActionMask = 2147483647;
			files = (
				5F0153172943411F00E9531A /* ViewController.swift in Sources */,
				5F0153132943411F00E9531A /* AppDelegate.swift in Sources */,
				5F0153152943411F00E9531A /* SceneDelegate.swift in Sources */,
				5FE55C322946E3F600496519 /* Model.swift in Sources */,
			);
			runOnlyForDeploymentPostprocessing = 0;
		};
/* End PBXSourcesBuildPhase section */

/* Begin PBXVariantGroup section */
		5F0153182943411F00E9531A /* Main.storyboard */ = {
			isa = PBXVariantGroup;
			children = (
				5F0153192943411F00E9531A /* Base */,
			);
			name = Main.storyboard;
			sourceTree = "<group>";
		};
		5F01531D2943412000E9531A /* LaunchScreen.storyboard */ = {
			isa = PBXVariantGroup;
			children = (
				5F01531E2943412000E9531A /* Base */,
			);
			name = LaunchScreen.storyboard;
			sourceTree = "<group>";
		};
/* End PBXVariantGroup section */

/* Begin XCBuildConfiguration section */
		5F0153212943412000E9531A /* Debug */ = {
			isa = XCBuildConfiguration;
			buildSettings = {
				ALWAYS_SEARCH_USER_PATHS = NO;
				CLANG_ANALYZER_NONNULL = YES;
				CLANG_ANALYZER_NUMBER_OBJECT_CONVERSION = YES_AGGRESSIVE;
				CLANG_CXX_LANGUAGE_STANDARD = "gnu++20";
				CLANG_ENABLE_MODULES = YES;
				CLANG_ENABLE_OBJC_ARC = YES;
				CLANG_ENABLE_OBJC_WEAK = YES;
				CLANG_WARN_BLOCK_CAPTURE_AUTORELEASING = YES;
				CLANG_WARN_BOOL_CONVERSION = YES;
				CLANG_WARN_COMMA = YES;
				CLANG_WARN_CONSTANT_CONVERSION = YES;
				CLANG_WARN_DEPRECATED_OBJC_IMPLEMENTATIONS = YES;
				CLANG_WARN_DIRECT_OBJC_ISA_USAGE = YES_ERROR;
				CLANG_WARN_DOCUMENTATION_COMMENTS = YES;
				CLANG_WARN_EMPTY_BODY = YES;
				CLANG_WARN_ENUM_CONVERSION = YES;
				CLANG_WARN_INFINITE_RECURSION = YES;
				CLANG_WARN_INT_CONVERSION = YES;
				CLANG_WARN_NON_LITERAL_NULL_CONVERSION = YES;
				CLANG_WARN_OBJC_IMPLICIT_RETAIN_SELF = YES;
				CLANG_WARN_OBJC_LITERAL_CONVERSION = YES;
				CLANG_WARN_OBJC_ROOT_CLASS = YES_ERROR;
				CLANG_WARN_QUOTED_INCLUDE_IN_FRAMEWORK_HEADER = YES;
				CLANG_WARN_RANGE_LOOP_ANALYSIS = YES;
				CLANG_WARN_STRICT_PROTOTYPES = YES;
				CLANG_WARN_SUSPICIOUS_MOVE = YES;
				CLANG_WARN_UNGUARDED_AVAILABILITY = YES_AGGRESSIVE;
				CLANG_WARN_UNREACHABLE_CODE = YES;
				CLANG_WARN__DUPLICATE_METHOD_MATCH = YES;
				COPY_PHASE_STRIP = NO;
				DEBUG_INFORMATION_FORMAT = dwarf;
				ENABLE_STRICT_OBJC_MSGSEND = YES;
				ENABLE_TESTABILITY = YES;
				GCC_C_LANGUAGE_STANDARD = gnu11;
				GCC_DYNAMIC_NO_PIC = NO;
				GCC_NO_COMMON_BLOCKS = YES;
				GCC_OPTIMIZATION_LEVEL = 0;
				GCC_PREPROCESSOR_DEFINITIONS = (
					"DEBUG=1",
					"$(inherited)",
				);
				GCC_WARN_64_TO_32_BIT_CONVERSION = YES;
				GCC_WARN_ABOUT_RETURN_TYPE = YES_ERROR;
				GCC_WARN_UNDECLARED_SELECTOR = YES;
				GCC_WARN_UNINITIALIZED_AUTOS = YES_AGGRESSIVE;
				GCC_WARN_UNUSED_FUNCTION = YES;
				GCC_WARN_UNUSED_VARIABLE = YES;
				IPHONEOS_DEPLOYMENT_TARGET = 16.1;
				MTL_ENABLE_DEBUG_INFO = INCLUDE_SOURCE;
				MTL_FAST_MATH = YES;
				ONLY_ACTIVE_ARCH = YES;
				SDKROOT = iphoneos;
				SWIFT_ACTIVE_COMPILATION_CONDITIONS = DEBUG;
				SWIFT_OPTIMIZATION_LEVEL = "-Onone";
			};
			name = Debug;
		};
		5F0153222943412000E9531A /* Release */ = {
			isa = XCBuildConfiguration;
			buildSettings = {
				ALWAYS_SEARCH_USER_PATHS = NO;
				CLANG_ANALYZER_NONNULL = YES;
				CLANG_ANALYZER_NUMBER_OBJECT_CONVERSION = YES_AGGRESSIVE;
				CLANG_CXX_LANGUAGE_STANDARD = "gnu++20";
				CLANG_ENABLE_MODULES = YES;
				CLANG_ENABLE_OBJC_ARC = YES;
				CLANG_ENABLE_OBJC_WEAK = YES;
				CLANG_WARN_BLOCK_CAPTURE_AUTORELEASING = YES;
				CLANG_WARN_BOOL_CONVERSION = YES;
				CLANG_WARN_COMMA = YES;
				CLANG_WARN_CONSTANT_CONVERSION = YES;
				CLANG_WARN_DEPRECATED_OBJC_IMPLEMENTATIONS = YES;
				CLANG_WARN_DIRECT_OBJC_ISA_USAGE = YES_ERROR;
				CLANG_WARN_DOCUMENTATION_COMMENTS = YES;
				CLANG_WARN_EMPTY_BODY = YES;
				CLANG_WARN_ENUM_CONVERSION = YES;
				CLANG_WARN_INFINITE_RECURSION = YES;
				CLANG_WARN_INT_CONVERSION = YES;
				CLANG_WARN_NON_LITERAL_NULL_CONVERSION = YES;
				CLANG_WARN_OBJC_IMPLICIT_RETAIN_SELF = YES;
				CLANG_WARN_OBJC_LITERAL_CONVERSION = YES;
				CLANG_WARN_OBJC_ROOT_CLASS = YES_ERROR;
				CLANG_WARN_QUOTED_INCLUDE_IN_FRAMEWORK_HEADER = YES;
				CLANG_WARN_RANGE_LOOP_ANALYSIS = YES;
				CLANG_WARN_STRICT_PROTOTYPES = YES;
				CLANG_WARN_SUSPICIOUS_MOVE = YES;
				CLANG_WARN_UNGUARDED_AVAILABILITY = YES_AGGRESSIVE;
				CLANG_WARN_UNREACHABLE_CODE = YES;
				CLANG_WARN__DUPLICATE_METHOD_MATCH = YES;
				COPY_PHASE_STRIP = NO;
				DEBUG_INFORMATION_FORMAT = "dwarf-with-dsym";
				ENABLE_NS_ASSERTIONS = NO;
				ENABLE_STRICT_OBJC_MSGSEND = YES;
				GCC_C_LANGUAGE_STANDARD = gnu11;
				GCC_NO_COMMON_BLOCKS = YES;
				GCC_WARN_64_TO_32_BIT_CONVERSION = YES;
				GCC_WARN_ABOUT_RETURN_TYPE = YES_ERROR;
				GCC_WARN_UNDECLARED_SELECTOR = YES;
				GCC_WARN_UNINITIALIZED_AUTOS = YES_AGGRESSIVE;
				GCC_WARN_UNUSED_FUNCTION = YES;
				GCC_WARN_UNUSED_VARIABLE = YES;
				IPHONEOS_DEPLOYMENT_TARGET = 16.1;
				MTL_ENABLE_DEBUG_INFO = NO;
				MTL_FAST_MATH = YES;
				SDKROOT = iphoneos;
				SWIFT_COMPILATION_MODE = wholemodule;
				SWIFT_OPTIMIZATION_LEVEL = "-O";
				VALIDATE_PRODUCT = YES;
			};
			name = Release;
		};
		5F0153242943412000E9531A /* Debug */ = {
			isa = XCBuildConfiguration;
			buildSettings = {
				ASSETCATALOG_COMPILER_APPICON_NAME = AppIcon;
				ASSETCATALOG_COMPILER_GLOBAL_ACCENT_COLOR_NAME = AccentColor;
				CODE_SIGN_STYLE = Automatic;
				CURRENT_PROJECT_VERSION = 1;
				DEVELOPMENT_TEAM = 4RJ3J5RA5L;
				GENERATE_INFOPLIST_FILE = YES;
				INFOPLIST_FILE = SpringAnimation_HW/App/Info.plist;
				INFOPLIST_KEY_UIApplicationSupportsIndirectInputEvents = YES;
				INFOPLIST_KEY_UILaunchStoryboardName = LaunchScreen;
				INFOPLIST_KEY_UIMainStoryboardFile = Main;
				INFOPLIST_KEY_UISupportedInterfaceOrientations = UIInterfaceOrientationPortrait;
				INFOPLIST_KEY_UISupportedInterfaceOrientations_iPad = "UIInterfaceOrientationLandscapeLeft UIInterfaceOrientationLandscapeRight UIInterfaceOrientationPortrait UIInterfaceOrientationPortraitUpsideDown";
				LD_RUNPATH_SEARCH_PATHS = (
					"$(inherited)",
					"@executable_path/Frameworks",
				);
				MARKETING_VERSION = 1.0;
				PRODUCT_BUNDLE_IDENTIFIER = "com.alishermalikov.SpringAnimation-HW";
				PRODUCT_NAME = "$(TARGET_NAME)";
				SUPPORTED_PLATFORMS = "iphoneos iphonesimulator";
				SUPPORTS_MACCATALYST = NO;
				SUPPORTS_MAC_DESIGNED_FOR_IPHONE_IPAD = NO;
				SWIFT_EMIT_LOC_STRINGS = YES;
				SWIFT_VERSION = 5.0;
				TARGETED_DEVICE_FAMILY = 1;
			};
			name = Debug;
		};
		5F0153252943412000E9531A /* Release */ = {
			isa = XCBuildConfiguration;
			buildSettings = {
				ASSETCATALOG_COMPILER_APPICON_NAME = AppIcon;
				ASSETCATALOG_COMPILER_GLOBAL_ACCENT_COLOR_NAME = AccentColor;
				CODE_SIGN_STYLE = Automatic;
				CURRENT_PROJECT_VERSION = 1;
				DEVELOPMENT_TEAM = 4RJ3J5RA5L;
				GENERATE_INFOPLIST_FILE = YES;
				INFOPLIST_FILE = SpringAnimation_HW/App/Info.plist;
				INFOPLIST_KEY_UIApplicationSupportsIndirectInputEvents = YES;
				INFOPLIST_KEY_UILaunchStoryboardName = LaunchScreen;
				INFOPLIST_KEY_UIMainStoryboardFile = Main;
				INFOPLIST_KEY_UISupportedInterfaceOrientations = UIInterfaceOrientationPortrait;
				INFOPLIST_KEY_UISupportedInterfaceOrientations_iPad = "UIInterfaceOrientationLandscapeLeft UIInterfaceOrientationLandscapeRight UIInterfaceOrientationPortrait UIInterfaceOrientationPortraitUpsideDown";
				LD_RUNPATH_SEARCH_PATHS = (
					"$(inherited)",
					"@executable_path/Frameworks",
				);
				MARKETING_VERSION = 1.0;
				PRODUCT_BUNDLE_IDENTIFIER = "com.alishermalikov.SpringAnimation-HW";
				PRODUCT_NAME = "$(TARGET_NAME)";
				SUPPORTED_PLATFORMS = "iphoneos iphonesimulator";
				SUPPORTS_MACCATALYST = NO;
				SUPPORTS_MAC_DESIGNED_FOR_IPHONE_IPAD = NO;
				SWIFT_EMIT_LOC_STRINGS = YES;
				SWIFT_VERSION = 5.0;
				TARGETED_DEVICE_FAMILY = 1;
			};
			name = Release;
		};
/* End XCBuildConfiguration section */

/* Begin XCConfigurationList section */
		5F01530A2943411F00E9531A /* Build configuration list for PBXProject "SpringAnimation_HW" */ = {
			isa = XCConfigurationList;
			buildConfigurations = (
				5F0153212943412000E9531A /* Debug */,
				5F0153222943412000E9531A /* Release */,
			);
			defaultConfigurationIsVisible = 0;
			defaultConfigurationName = Release;
		};
		5F0153232943412000E9531A /* Build configuration list for PBXNativeTarget "SpringAnimation_HW" */ = {
			isa = XCConfigurationList;
			buildConfigurations = (
				5F0153242943412000E9531A /* Debug */,
				5F0153252943412000E9531A /* Release */,
			);
			defaultConfigurationIsVisible = 0;
			defaultConfigurationName = Release;
		};
/* End XCConfigurationList section */

/* Begin XCRemoteSwiftPackageReference section */
		5F015326294349F400E9531A /* XCRemoteSwiftPackageReference "SpringAnimation" */ = {
			isa = XCRemoteSwiftPackageReference;
			repositoryURL = "https://github.com/LexDeBash/SpringAnimation.git";
			requirement = {
				kind = upToNextMinorVersion;
				minimumVersion = 0.3.0;
			};
		};
/* End XCRemoteSwiftPackageReference section */

/* Begin XCSwiftPackageProductDependency section */
		5F015327294349F400E9531A /* SpringAnimation */ = {
			isa = XCSwiftPackageProductDependency;
			package = 5F015326294349F400E9531A /* XCRemoteSwiftPackageReference "SpringAnimation" */;
			productName = SpringAnimation;
		};
/* End XCSwiftPackageProductDependency section */
	};
	rootObject = 5F0153072943411F00E9531A /* Project object */;
}
